// !$*UTF8*$!
{
	archiveVersion = 1;
	classes = {
	};
	objectVersion = 50;
	objects = {

/* Begin PBXBuildFile section */
		218A896F8D9756847D69A192 /* Pods_Psionic_Timestream_Image_GeneratorTests.framework in Frameworks */ = {isa = PBXBuildFile; fileRef = E72094BFC9B8A818BE242780 /* Pods_Psionic_Timestream_Image_GeneratorTests.framework */; };
		83E6A2EA69E459856C00EFF9 /* Pods_Psionic_Timestream_Image_Generator_Psionic_Timestream_Image_GeneratorUITests.framework in Frameworks */ = {isa = PBXBuildFile; fileRef = BCCCCDF216010D0F8826900F /* Pods_Psionic_Timestream_Image_Generator_Psionic_Timestream_Image_GeneratorUITests.framework */; };
		D4556801DCF392F957317014 /* Pods_Psionic_Timestream_Image_Generator.framework in Frameworks */ = {isa = PBXBuildFile; fileRef = 5CEAF9762239DDB30C10EBDD /* Pods_Psionic_Timestream_Image_Generator.framework */; };
		FA7C4C9127934902006C9FE4 /* NSTextField+Extensions.swift in Sources */ = {isa = PBXBuildFile; fileRef = FA7C4C9027934902006C9FE4 /* NSTextField+Extensions.swift */; };
		FA7C4C93279393D7006C9FE4 /* HelpScreenViewController.swift in Sources */ = {isa = PBXBuildFile; fileRef = FA7C4C92279393D7006C9FE4 /* HelpScreenViewController.swift */; };
		FA7C4C9527939B91006C9FE4 /* InfoScreenViewController.swift in Sources */ = {isa = PBXBuildFile; fileRef = FA7C4C9427939B91006C9FE4 /* InfoScreenViewController.swift */; };
		FA7C4C972793B12E006C9FE4 /* NSImage+Extension.swift in Sources */ = {isa = PBXBuildFile; fileRef = FA7C4C962793B12E006C9FE4 /* NSImage+Extension.swift */; };
		FA7C4C992793B16B006C9FE4 /* RGYBColor.swift in Sources */ = {isa = PBXBuildFile; fileRef = FA7C4C982793B16B006C9FE4 /* RGYBColor.swift */; };
		FA7C4C9B2793B199006C9FE4 /* ColorRenderMode.swift in Sources */ = {isa = PBXBuildFile; fileRef = FA7C4C9A2793B199006C9FE4 /* ColorRenderMode.swift */; };
		FA7C4C9D2793B1EE006C9FE4 /* PsionicImageStrip.swift in Sources */ = {isa = PBXBuildFile; fileRef = FA7C4C9C2793B1EE006C9FE4 /* PsionicImageStrip.swift */; };
		FA7C4C9F2794A87C006C9FE4 /* SelectLocationViewController.swift in Sources */ = {isa = PBXBuildFile; fileRef = FA7C4C9E2794A87C006C9FE4 /* SelectLocationViewController.swift */; };
		FA7C4CA12794B942006C9FE4 /* SettingsViewController.swift in Sources */ = {isa = PBXBuildFile; fileRef = FA7C4CA02794B942006C9FE4 /* SettingsViewController.swift */; };
		FA7C4CA3279506F2006C9FE4 /* LocationSelectMKMapView.swift in Sources */ = {isa = PBXBuildFile; fileRef = FA7C4CA2279506F2006C9FE4 /* LocationSelectMKMapView.swift */; };
		FA7C4CA527950C6B006C9FE4 /* Settings.swift in Sources */ = {isa = PBXBuildFile; fileRef = FA7C4CA427950C6B006C9FE4 /* Settings.swift */; };
		FA7C4CA8279514C5006C9FE4 /* MapKit.framework in Frameworks */ = {isa = PBXBuildFile; fileRef = FA7C4CA7279514C5006C9FE4 /* MapKit.framework */; };
		FA886FDF278B551900AC3A30 /* Constants.swift in Sources */ = {isa = PBXBuildFile; fileRef = FA886FDE278B551900AC3A30 /* Constants.swift */; };
		FA886FE1278D4C6100AC3A30 /* TextFieldAlert.swift in Sources */ = {isa = PBXBuildFile; fileRef = FA886FE0278D4C6100AC3A30 /* TextFieldAlert.swift */; };
		FA886FE3278D4CF600AC3A30 /* View+Extension.swift in Sources */ = {isa = PBXBuildFile; fileRef = FA886FE2278D4CF600AC3A30 /* View+Extension.swift */; };
		FA8CADA124FD864B00BD32E7 /* AppDelegate.swift in Sources */ = {isa = PBXBuildFile; fileRef = FA8CADA024FD864B00BD32E7 /* AppDelegate.swift */; };
		FA8CADA324FD864B00BD32E7 /* MainViewController.swift in Sources */ = {isa = PBXBuildFile; fileRef = FA8CADA224FD864B00BD32E7 /* MainViewController.swift */; };
		FA8CADA524FD865300BD32E7 /* Assets.xcassets in Resources */ = {isa = PBXBuildFile; fileRef = FA8CADA424FD865300BD32E7 /* Assets.xcassets */; };
		FA8CADA824FD865300BD32E7 /* Main.storyboard in Resources */ = {isa = PBXBuildFile; fileRef = FA8CADA624FD865300BD32E7 /* Main.storyboard */; };
		FA8CADB424FD865400BD32E7 /* PsionicTimeMap_ImageProducerTests.swift in Sources */ = {isa = PBXBuildFile; fileRef = FA8CADB324FD865400BD32E7 /* PsionicTimeMap_ImageProducerTests.swift */; };
		FA8CADBF24FD865400BD32E7 /* PsionicTimeMap_ImageProducerUITests.swift in Sources */ = {isa = PBXBuildFile; fileRef = FA8CADBE24FD865400BD32E7 /* PsionicTimeMap_ImageProducerUITests.swift */; };
		FA8CADCF24FD86CC00BD32E7 /* PsionicDataParser.swift in Sources */ = {isa = PBXBuildFile; fileRef = FA8CADCE24FD86CC00BD32E7 /* PsionicDataParser.swift */; };
		FA8CADD124FD980000BD32E7 /* SiderealVedicEphemeris_GalacticCenter_1978-2062_Parse-base360.txt in Resources */ = {isa = PBXBuildFile; fileRef = FA8CADD024FD980000BD32E7 /* SiderealVedicEphemeris_GalacticCenter_1978-2062_Parse-base360.txt */; };
		FA8CADD324FDC23F00BD32E7 /* PsionicImageGenerator.swift in Sources */ = {isa = PBXBuildFile; fileRef = FA8CADD224FDC23F00BD32E7 /* PsionicImageGenerator.swift */; };
		FA9A6EA22531033C00F3F63E /* SiderealVedicEphemeris_GalacticCenter_1978-2062.txt in Resources */ = {isa = PBXBuildFile; fileRef = FA9A6EA12531033C00F3F63E /* SiderealVedicEphemeris_GalacticCenter_1978-2062.txt */; };
		FAD174CA253104E600F6711E /* String+Extension.swift in Sources */ = {isa = PBXBuildFile; fileRef = FAD174C9253104E600F6711E /* String+Extension.swift */; };
		FAD174CF25311FCC00F6711E /* Date+Extension.swift in Sources */ = {isa = PBXBuildFile; fileRef = FAD174CE25311FCC00F6711E /* Date+Extension.swift */; };
/* End PBXBuildFile section */

/* Begin PBXContainerItemProxy section */
		FA8CADB024FD865400BD32E7 /* PBXContainerItemProxy */ = {
			isa = PBXContainerItemProxy;
			containerPortal = FA8CAD9524FD864B00BD32E7 /* Project object */;
			proxyType = 1;
			remoteGlobalIDString = FA8CAD9C24FD864B00BD32E7;
			remoteInfo = PsionicTimeMap_ImageProducer;
		};
		FA8CADBB24FD865400BD32E7 /* PBXContainerItemProxy */ = {
			isa = PBXContainerItemProxy;
			containerPortal = FA8CAD9524FD864B00BD32E7 /* Project object */;
			proxyType = 1;
			remoteGlobalIDString = FA8CAD9C24FD864B00BD32E7;
			remoteInfo = PsionicTimeMap_ImageProducer;
		};
/* End PBXContainerItemProxy section */

/* Begin PBXFileReference section */
		352CA1839474938AEEE7F4C1 /* Pods-Psionic Timestream Image GeneratorTests.release.xcconfig */ = {isa = PBXFileReference; includeInIndex = 1; lastKnownFileType = text.xcconfig; name = "Pods-Psionic Timestream Image GeneratorTests.release.xcconfig"; path = "Target Support Files/Pods-Psionic Timestream Image GeneratorTests/Pods-Psionic Timestream Image GeneratorTests.release.xcconfig"; sourceTree = "<group>"; };
		4AC1C49FDBBFECAD1BE2F275 /* Pods-Psionic Timestream Image GeneratorTests.debug.xcconfig */ = {isa = PBXFileReference; includeInIndex = 1; lastKnownFileType = text.xcconfig; name = "Pods-Psionic Timestream Image GeneratorTests.debug.xcconfig"; path = "Target Support Files/Pods-Psionic Timestream Image GeneratorTests/Pods-Psionic Timestream Image GeneratorTests.debug.xcconfig"; sourceTree = "<group>"; };
		5CEAF9762239DDB30C10EBDD /* Pods_Psionic_Timestream_Image_Generator.framework */ = {isa = PBXFileReference; explicitFileType = wrapper.framework; includeInIndex = 0; path = Pods_Psionic_Timestream_Image_Generator.framework; sourceTree = BUILT_PRODUCTS_DIR; };
		9025957415F19DE10D3A969B /* Pods-Psionic Timestream Image Generator-Psionic Timestream Image GeneratorUITests.release.xcconfig */ = {isa = PBXFileReference; includeInIndex = 1; lastKnownFileType = text.xcconfig; name = "Pods-Psionic Timestream Image Generator-Psionic Timestream Image GeneratorUITests.release.xcconfig"; path = "Target Support Files/Pods-Psionic Timestream Image Generator-Psionic Timestream Image GeneratorUITests/Pods-Psionic Timestream Image Generator-Psionic Timestream Image GeneratorUITests.release.xcconfig"; sourceTree = "<group>"; };
		BCCCCDF216010D0F8826900F /* Pods_Psionic_Timestream_Image_Generator_Psionic_Timestream_Image_GeneratorUITests.framework */ = {isa = PBXFileReference; explicitFileType = wrapper.framework; includeInIndex = 0; path = Pods_Psionic_Timestream_Image_Generator_Psionic_Timestream_Image_GeneratorUITests.framework; sourceTree = BUILT_PRODUCTS_DIR; };
		C8A711EAC06F72B98AED3792 /* Pods-Psionic Timestream Image Generator.debug.xcconfig */ = {isa = PBXFileReference; includeInIndex = 1; lastKnownFileType = text.xcconfig; name = "Pods-Psionic Timestream Image Generator.debug.xcconfig"; path = "Target Support Files/Pods-Psionic Timestream Image Generator/Pods-Psionic Timestream Image Generator.debug.xcconfig"; sourceTree = "<group>"; };
		E54244126D56326C8C4E666F /* Pods-Psionic Timestream Image Generator-Psionic Timestream Image GeneratorUITests.debug.xcconfig */ = {isa = PBXFileReference; includeInIndex = 1; lastKnownFileType = text.xcconfig; name = "Pods-Psionic Timestream Image Generator-Psionic Timestream Image GeneratorUITests.debug.xcconfig"; path = "Target Support Files/Pods-Psionic Timestream Image Generator-Psionic Timestream Image GeneratorUITests/Pods-Psionic Timestream Image Generator-Psionic Timestream Image GeneratorUITests.debug.xcconfig"; sourceTree = "<group>"; };
		E72094BFC9B8A818BE242780 /* Pods_Psionic_Timestream_Image_GeneratorTests.framework */ = {isa = PBXFileReference; explicitFileType = wrapper.framework; includeInIndex = 0; path = Pods_Psionic_Timestream_Image_GeneratorTests.framework; sourceTree = BUILT_PRODUCTS_DIR; };
		FA7C4C9027934902006C9FE4 /* NSTextField+Extensions.swift */ = {isa = PBXFileReference; lastKnownFileType = sourcecode.swift; path = "NSTextField+Extensions.swift"; sourceTree = "<group>"; };
		FA7C4C92279393D7006C9FE4 /* HelpScreenViewController.swift */ = {isa = PBXFileReference; lastKnownFileType = sourcecode.swift; path = HelpScreenViewController.swift; sourceTree = "<group>"; };
		FA7C4C9427939B91006C9FE4 /* InfoScreenViewController.swift */ = {isa = PBXFileReference; lastKnownFileType = sourcecode.swift; path = InfoScreenViewController.swift; sourceTree = "<group>"; };
		FA7C4C962793B12E006C9FE4 /* NSImage+Extension.swift */ = {isa = PBXFileReference; lastKnownFileType = sourcecode.swift; path = "NSImage+Extension.swift"; sourceTree = "<group>"; };
		FA7C4C982793B16B006C9FE4 /* RGYBColor.swift */ = {isa = PBXFileReference; lastKnownFileType = sourcecode.swift; path = RGYBColor.swift; sourceTree = "<group>"; };
		FA7C4C9A2793B199006C9FE4 /* ColorRenderMode.swift */ = {isa = PBXFileReference; lastKnownFileType = sourcecode.swift; path = ColorRenderMode.swift; sourceTree = "<group>"; };
		FA7C4C9C2793B1EE006C9FE4 /* PsionicImageStrip.swift */ = {isa = PBXFileReference; lastKnownFileType = sourcecode.swift; path = PsionicImageStrip.swift; sourceTree = "<group>"; };
		FA7C4C9E2794A87C006C9FE4 /* SelectLocationViewController.swift */ = {isa = PBXFileReference; lastKnownFileType = sourcecode.swift; path = SelectLocationViewController.swift; sourceTree = "<group>"; };
		FA7C4CA02794B942006C9FE4 /* SettingsViewController.swift */ = {isa = PBXFileReference; lastKnownFileType = sourcecode.swift; path = SettingsViewController.swift; sourceTree = "<group>"; };
		FA7C4CA2279506F2006C9FE4 /* LocationSelectMKMapView.swift */ = {isa = PBXFileReference; lastKnownFileType = sourcecode.swift; path = LocationSelectMKMapView.swift; sourceTree = "<group>"; };
		FA7C4CA427950C6B006C9FE4 /* Settings.swift */ = {isa = PBXFileReference; lastKnownFileType = sourcecode.swift; path = Settings.swift; sourceTree = "<group>"; };
		FA7C4CA7279514C5006C9FE4 /* MapKit.framework */ = {isa = PBXFileReference; lastKnownFileType = wrapper.framework; name = MapKit.framework; path = System/Library/Frameworks/MapKit.framework; sourceTree = SDKROOT; };
		FA886FDE278B551900AC3A30 /* Constants.swift */ = {isa = PBXFileReference; lastKnownFileType = sourcecode.swift; path = Constants.swift; sourceTree = "<group>"; };
		FA886FE0278D4C6100AC3A30 /* TextFieldAlert.swift */ = {isa = PBXFileReference; lastKnownFileType = sourcecode.swift; path = TextFieldAlert.swift; sourceTree = "<group>"; };
		FA886FE2278D4CF600AC3A30 /* View+Extension.swift */ = {isa = PBXFileReference; lastKnownFileType = sourcecode.swift; path = "View+Extension.swift"; sourceTree = "<group>"; };
		FA8CAD9D24FD864B00BD32E7 /* Psionic Timestream Image Generator.app */ = {isa = PBXFileReference; explicitFileType = wrapper.application; includeInIndex = 0; path = "Psionic Timestream Image Generator.app"; sourceTree = BUILT_PRODUCTS_DIR; };
		FA8CADA024FD864B00BD32E7 /* AppDelegate.swift */ = {isa = PBXFileReference; lastKnownFileType = sourcecode.swift; path = AppDelegate.swift; sourceTree = "<group>"; };
		FA8CADA224FD864B00BD32E7 /* MainViewController.swift */ = {isa = PBXFileReference; lastKnownFileType = sourcecode.swift; path = MainViewController.swift; sourceTree = "<group>"; };
		FA8CADA424FD865300BD32E7 /* Assets.xcassets */ = {isa = PBXFileReference; lastKnownFileType = folder.assetcatalog; path = Assets.xcassets; sourceTree = "<group>"; };
		FA8CADA724FD865300BD32E7 /* Base */ = {isa = PBXFileReference; lastKnownFileType = file.storyboard; name = Base; path = Base.lproj/Main.storyboard; sourceTree = "<group>"; };
		FA8CADA924FD865300BD32E7 /* Info.plist */ = {isa = PBXFileReference; lastKnownFileType = text.plist.xml; path = Info.plist; sourceTree = "<group>"; };
		FA8CADAA24FD865300BD32E7 /* PsionicTimeMap_ImageProducer.entitlements */ = {isa = PBXFileReference; lastKnownFileType = text.plist.entitlements; path = PsionicTimeMap_ImageProducer.entitlements; sourceTree = "<group>"; };
		FA8CADAF24FD865400BD32E7 /* Psionic Timestream Image GeneratorTests.xctest */ = {isa = PBXFileReference; explicitFileType = wrapper.cfbundle; includeInIndex = 0; path = "Psionic Timestream Image GeneratorTests.xctest"; sourceTree = BUILT_PRODUCTS_DIR; };
		FA8CADB324FD865400BD32E7 /* PsionicTimeMap_ImageProducerTests.swift */ = {isa = PBXFileReference; lastKnownFileType = sourcecode.swift; path = PsionicTimeMap_ImageProducerTests.swift; sourceTree = "<group>"; };
		FA8CADB524FD865400BD32E7 /* Info.plist */ = {isa = PBXFileReference; lastKnownFileType = text.plist.xml; path = Info.plist; sourceTree = "<group>"; };
		FA8CADBA24FD865400BD32E7 /* Psionic Timestream Image GeneratorUITests.xctest */ = {isa = PBXFileReference; explicitFileType = wrapper.cfbundle; includeInIndex = 0; path = "Psionic Timestream Image GeneratorUITests.xctest"; sourceTree = BUILT_PRODUCTS_DIR; };
		FA8CADBE24FD865400BD32E7 /* PsionicTimeMap_ImageProducerUITests.swift */ = {isa = PBXFileReference; lastKnownFileType = sourcecode.swift; path = PsionicTimeMap_ImageProducerUITests.swift; sourceTree = "<group>"; };
		FA8CADC024FD865400BD32E7 /* Info.plist */ = {isa = PBXFileReference; lastKnownFileType = text.plist.xml; path = Info.plist; sourceTree = "<group>"; };
		FA8CADCE24FD86CC00BD32E7 /* PsionicDataParser.swift */ = {isa = PBXFileReference; lastKnownFileType = sourcecode.swift; path = PsionicDataParser.swift; sourceTree = "<group>"; };
		FA8CADD024FD980000BD32E7 /* SiderealVedicEphemeris_GalacticCenter_1978-2062_Parse-base360.txt */ = {isa = PBXFileReference; fileEncoding = 4; lastKnownFileType = text; name = "SiderealVedicEphemeris_GalacticCenter_1978-2062_Parse-base360.txt"; path = "Data/SiderealVedicEphemeris_GalacticCenter_1978-2062_Parse-base360.txt"; sourceTree = SOURCE_ROOT; };
		FA8CADD224FDC23F00BD32E7 /* PsionicImageGenerator.swift */ = {isa = PBXFileReference; lastKnownFileType = sourcecode.swift; path = PsionicImageGenerator.swift; sourceTree = "<group>"; };
		FA9A6EA12531033C00F3F63E /* SiderealVedicEphemeris_GalacticCenter_1978-2062.txt */ = {isa = PBXFileReference; fileEncoding = 4; lastKnownFileType = text; name = "SiderealVedicEphemeris_GalacticCenter_1978-2062.txt"; path = "Data/SiderealVedicEphemeris_GalacticCenter_1978-2062.txt"; sourceTree = SOURCE_ROOT; };
		FAD174C9253104E600F6711E /* String+Extension.swift */ = {isa = PBXFileReference; lastKnownFileType = sourcecode.swift; path = "String+Extension.swift"; sourceTree = "<group>"; };
		FAD174CE25311FCC00F6711E /* Date+Extension.swift */ = {isa = PBXFileReference; lastKnownFileType = sourcecode.swift; path = "Date+Extension.swift"; sourceTree = "<group>"; };
		FD554E2D28D4D104A9D137B8 /* Pods-Psionic Timestream Image Generator.release.xcconfig */ = {isa = PBXFileReference; includeInIndex = 1; lastKnownFileType = text.xcconfig; name = "Pods-Psionic Timestream Image Generator.release.xcconfig"; path = "Target Support Files/Pods-Psionic Timestream Image Generator/Pods-Psionic Timestream Image Generator.release.xcconfig"; sourceTree = "<group>"; };
/* End PBXFileReference section */

/* Begin PBXFrameworksBuildPhase section */
		FA8CAD9A24FD864B00BD32E7 /* Frameworks */ = {
			isa = PBXFrameworksBuildPhase;
			buildActionMask = 2147483647;
			files = (
				FA7C4CA8279514C5006C9FE4 /* MapKit.framework in Frameworks */,
				D4556801DCF392F957317014 /* Pods_Psionic_Timestream_Image_Generator.framework in Frameworks */,
			);
			runOnlyForDeploymentPostprocessing = 0;
		};
		FA8CADAC24FD865400BD32E7 /* Frameworks */ = {
			isa = PBXFrameworksBuildPhase;
			buildActionMask = 2147483647;
			files = (
				218A896F8D9756847D69A192 /* Pods_Psionic_Timestream_Image_GeneratorTests.framework in Frameworks */,
			);
			runOnlyForDeploymentPostprocessing = 0;
		};
		FA8CADB724FD865400BD32E7 /* Frameworks */ = {
			isa = PBXFrameworksBuildPhase;
			buildActionMask = 2147483647;
			files = (
				83E6A2EA69E459856C00EFF9 /* Pods_Psionic_Timestream_Image_Generator_Psionic_Timestream_Image_GeneratorUITests.framework in Frameworks */,
			);
			runOnlyForDeploymentPostprocessing = 0;
		};
/* End PBXFrameworksBuildPhase section */

/* Begin PBXGroup section */
		AB59CA49E1AFD9EEFF3EF9A3 /* Pods */ = {
			isa = PBXGroup;
			children = (
				C8A711EAC06F72B98AED3792 /* Pods-Psionic Timestream Image Generator.debug.xcconfig */,
				FD554E2D28D4D104A9D137B8 /* Pods-Psionic Timestream Image Generator.release.xcconfig */,
				E54244126D56326C8C4E666F /* Pods-Psionic Timestream Image Generator-Psionic Timestream Image GeneratorUITests.debug.xcconfig */,
				9025957415F19DE10D3A969B /* Pods-Psionic Timestream Image Generator-Psionic Timestream Image GeneratorUITests.release.xcconfig */,
				4AC1C49FDBBFECAD1BE2F275 /* Pods-Psionic Timestream Image GeneratorTests.debug.xcconfig */,
				352CA1839474938AEEE7F4C1 /* Pods-Psionic Timestream Image GeneratorTests.release.xcconfig */,
			);
			path = Pods;
			sourceTree = "<group>";
		};
		FA7C4CA6279514C5006C9FE4 /* Frameworks */ = {
			isa = PBXGroup;
			children = (
				FA7C4CA7279514C5006C9FE4 /* MapKit.framework */,
				5CEAF9762239DDB30C10EBDD /* Pods_Psionic_Timestream_Image_Generator.framework */,
				BCCCCDF216010D0F8826900F /* Pods_Psionic_Timestream_Image_Generator_Psionic_Timestream_Image_GeneratorUITests.framework */,
				E72094BFC9B8A818BE242780 /* Pods_Psionic_Timestream_Image_GeneratorTests.framework */,
			);
			name = Frameworks;
			sourceTree = "<group>";
		};
		FA8CAD9424FD864B00BD32E7 = {
			isa = PBXGroup;
			children = (
				FA8CAD9F24FD864B00BD32E7 /* PsionicTimeMap_ImageProducer */,
				FA8CADB224FD865400BD32E7 /* PsionicTimeMap_ImageProducerTests */,
				FA8CADBD24FD865400BD32E7 /* PsionicTimeMap_ImageProducerUITests */,
				FA8CAD9E24FD864B00BD32E7 /* Products */,
				FA7C4CA6279514C5006C9FE4 /* Frameworks */,
				AB59CA49E1AFD9EEFF3EF9A3 /* Pods */,
			);
			sourceTree = "<group>";
		};
		FA8CAD9E24FD864B00BD32E7 /* Products */ = {
			isa = PBXGroup;
			children = (
				FA8CAD9D24FD864B00BD32E7 /* Psionic Timestream Image Generator.app */,
				FA8CADAF24FD865400BD32E7 /* Psionic Timestream Image GeneratorTests.xctest */,
				FA8CADBA24FD865400BD32E7 /* Psionic Timestream Image GeneratorUITests.xctest */,
			);
			name = Products;
			sourceTree = "<group>";
		};
		FA8CAD9F24FD864B00BD32E7 /* PsionicTimeMap_ImageProducer */ = {
			isa = PBXGroup;
			children = (
				FA9A6EA12531033C00F3F63E /* SiderealVedicEphemeris_GalacticCenter_1978-2062.txt */,
				FA8CADD024FD980000BD32E7 /* SiderealVedicEphemeris_GalacticCenter_1978-2062_Parse-base360.txt */,
				FA8CADA024FD864B00BD32E7 /* AppDelegate.swift */,
				FA8CADA224FD864B00BD32E7 /* MainViewController.swift */,
				FA8CADA424FD865300BD32E7 /* Assets.xcassets */,
				FA8CADA624FD865300BD32E7 /* Main.storyboard */,
				FA8CADA924FD865300BD32E7 /* Info.plist */,
				FA8CADAA24FD865300BD32E7 /* PsionicTimeMap_ImageProducer.entitlements */,
				FA8CADCE24FD86CC00BD32E7 /* PsionicDataParser.swift */,
				FA8CADD224FDC23F00BD32E7 /* PsionicImageGenerator.swift */,
				FAD174C9253104E600F6711E /* String+Extension.swift */,
				FAD174CE25311FCC00F6711E /* Date+Extension.swift */,
				FA886FDE278B551900AC3A30 /* Constants.swift */,
				FA886FE0278D4C6100AC3A30 /* TextFieldAlert.swift */,
				FA886FE2278D4CF600AC3A30 /* View+Extension.swift */,
				FA7C4C9027934902006C9FE4 /* NSTextField+Extensions.swift */,
				FA7C4C92279393D7006C9FE4 /* HelpScreenViewController.swift */,
				FA7C4C9427939B91006C9FE4 /* InfoScreenViewController.swift */,
				FA7C4C9E2794A87C006C9FE4 /* SelectLocationViewController.swift */,
				FA7C4CA02794B942006C9FE4 /* SettingsViewController.swift */,
				FA7C4C962793B12E006C9FE4 /* NSImage+Extension.swift */,
				FA7C4C982793B16B006C9FE4 /* RGYBColor.swift */,
				FA7C4C9A2793B199006C9FE4 /* ColorRenderMode.swift */,
				FA7C4C9C2793B1EE006C9FE4 /* PsionicImageStrip.swift */,
				FA7C4CA2279506F2006C9FE4 /* LocationSelectMKMapView.swift */,
				FA7C4CA427950C6B006C9FE4 /* Settings.swift */,
			);
			path = PsionicTimeMap_ImageProducer;
			sourceTree = "<group>";
		};
		FA8CADB224FD865400BD32E7 /* PsionicTimeMap_ImageProducerTests */ = {
			isa = PBXGroup;
			children = (
				FA8CADB324FD865400BD32E7 /* PsionicTimeMap_ImageProducerTests.swift */,
				FA8CADB524FD865400BD32E7 /* Info.plist */,
			);
			path = PsionicTimeMap_ImageProducerTests;
			sourceTree = "<group>";
		};
		FA8CADBD24FD865400BD32E7 /* PsionicTimeMap_ImageProducerUITests */ = {
			isa = PBXGroup;
			children = (
				FA8CADBE24FD865400BD32E7 /* PsionicTimeMap_ImageProducerUITests.swift */,
				FA8CADC024FD865400BD32E7 /* Info.plist */,
			);
			path = PsionicTimeMap_ImageProducerUITests;
			sourceTree = "<group>";
		};
/* End PBXGroup section */

/* Begin PBXNativeTarget section */
		FA8CAD9C24FD864B00BD32E7 /* Psionic Timestream Image Generator */ = {
			isa = PBXNativeTarget;
			buildConfigurationList = FA8CADC324FD865400BD32E7 /* Build configuration list for PBXNativeTarget "Psionic Timestream Image Generator" */;
			buildPhases = (
				95B0965F9F1E0A27CE8AE7E1 /* [CP] Check Pods Manifest.lock */,
				FA8CAD9924FD864B00BD32E7 /* Sources */,
				FA8CAD9A24FD864B00BD32E7 /* Frameworks */,
				FA8CAD9B24FD864B00BD32E7 /* Resources */,
			);
			buildRules = (
			);
			dependencies = (
			);
			name = "Psionic Timestream Image Generator";
			productName = PsionicTimeMap_ImageProducer;
			productReference = FA8CAD9D24FD864B00BD32E7 /* Psionic Timestream Image Generator.app */;
			productType = "com.apple.product-type.application";
		};
		FA8CADAE24FD865400BD32E7 /* Psionic Timestream Image GeneratorTests */ = {
			isa = PBXNativeTarget;
			buildConfigurationList = FA8CADC624FD865400BD32E7 /* Build configuration list for PBXNativeTarget "Psionic Timestream Image GeneratorTests" */;
			buildPhases = (
				BB25812B870080EE983DC15B /* [CP] Check Pods Manifest.lock */,
				FA8CADAB24FD865400BD32E7 /* Sources */,
				FA8CADAC24FD865400BD32E7 /* Frameworks */,
				FA8CADAD24FD865400BD32E7 /* Resources */,
			);
			buildRules = (
			);
			dependencies = (
				FA8CADB124FD865400BD32E7 /* PBXTargetDependency */,
			);
			name = "Psionic Timestream Image GeneratorTests";
			productName = PsionicTimeMap_ImageProducerTests;
			productReference = FA8CADAF24FD865400BD32E7 /* Psionic Timestream Image GeneratorTests.xctest */;
			productType = "com.apple.product-type.bundle.unit-test";
		};
		FA8CADB924FD865400BD32E7 /* Psionic Timestream Image GeneratorUITests */ = {
			isa = PBXNativeTarget;
			buildConfigurationList = FA8CADC924FD865400BD32E7 /* Build configuration list for PBXNativeTarget "Psionic Timestream Image GeneratorUITests" */;
			buildPhases = (
				93CF301079E556A1B8DC2C9C /* [CP] Check Pods Manifest.lock */,
				FA8CADB624FD865400BD32E7 /* Sources */,
				FA8CADB724FD865400BD32E7 /* Frameworks */,
				FA8CADB824FD865400BD32E7 /* Resources */,
			);
			buildRules = (
			);
			dependencies = (
				FA8CADBC24FD865400BD32E7 /* PBXTargetDependency */,
			);
			name = "Psionic Timestream Image GeneratorUITests";
			productName = PsionicTimeMap_ImageProducerUITests;
			productReference = FA8CADBA24FD865400BD32E7 /* Psionic Timestream Image GeneratorUITests.xctest */;
			productType = "com.apple.product-type.bundle.ui-testing";
		};
/* End PBXNativeTarget section */

/* Begin PBXProject section */
		FA8CAD9524FD864B00BD32E7 /* Project object */ = {
			isa = PBXProject;
			attributes = {
				LastSwiftUpdateCheck = 1160;
				LastUpgradeCheck = 1200;
				ORGANIZATIONNAME = "Jordan Trana";
				TargetAttributes = {
					FA8CAD9C24FD864B00BD32E7 = {
						CreatedOnToolsVersion = 11.6;
					};
					FA8CADAE24FD865400BD32E7 = {
						CreatedOnToolsVersion = 11.6;
						TestTargetID = FA8CAD9C24FD864B00BD32E7;
					};
					FA8CADB924FD865400BD32E7 = {
						CreatedOnToolsVersion = 11.6;
						TestTargetID = FA8CAD9C24FD864B00BD32E7;
					};
				};
			};
			buildConfigurationList = FA8CAD9824FD864B00BD32E7 /* Build configuration list for PBXProject "Psionic Timestream Image Generator" */;
			compatibilityVersion = "Xcode 9.3";
			developmentRegion = en;
			hasScannedForEncodings = 0;
			knownRegions = (
				en,
				Base,
			);
			mainGroup = FA8CAD9424FD864B00BD32E7;
			productRefGroup = FA8CAD9E24FD864B00BD32E7 /* Products */;
			projectDirPath = "";
			projectRoot = "";
			targets = (
				FA8CAD9C24FD864B00BD32E7 /* Psionic Timestream Image Generator */,
				FA8CADAE24FD865400BD32E7 /* Psionic Timestream Image GeneratorTests */,
				FA8CADB924FD865400BD32E7 /* Psionic Timestream Image GeneratorUITests */,
			);
		};
/* End PBXProject section */

/* Begin PBXResourcesBuildPhase section */
		FA8CAD9B24FD864B00BD32E7 /* Resources */ = {
			isa = PBXResourcesBuildPhase;
			buildActionMask = 2147483647;
			files = (
				FA8CADA524FD865300BD32E7 /* Assets.xcassets in Resources */,
				FA8CADD124FD980000BD32E7 /* SiderealVedicEphemeris_GalacticCenter_1978-2062_Parse-base360.txt in Resources */,
				FA9A6EA22531033C00F3F63E /* SiderealVedicEphemeris_GalacticCenter_1978-2062.txt in Resources */,
				FA8CADA824FD865300BD32E7 /* Main.storyboard in Resources */,
			);
			runOnlyForDeploymentPostprocessing = 0;
		};
		FA8CADAD24FD865400BD32E7 /* Resources */ = {
			isa = PBXResourcesBuildPhase;
			buildActionMask = 2147483647;
			files = (
			);
			runOnlyForDeploymentPostprocessing = 0;
		};
		FA8CADB824FD865400BD32E7 /* Resources */ = {
			isa = PBXResourcesBuildPhase;
			buildActionMask = 2147483647;
			files = (
			);
			runOnlyForDeploymentPostprocessing = 0;
		};
/* End PBXResourcesBuildPhase section */

/* Begin PBXShellScriptBuildPhase section */
		93CF301079E556A1B8DC2C9C /* [CP] Check Pods Manifest.lock */ = {
			isa = PBXShellScriptBuildPhase;
			buildActionMask = 2147483647;
			files = (
			);
			inputFileListPaths = (
			);
			inputPaths = (
				"${PODS_PODFILE_DIR_PATH}/Podfile.lock",
				"${PODS_ROOT}/Manifest.lock",
			);
			name = "[CP] Check Pods Manifest.lock";
			outputFileListPaths = (
			);
			outputPaths = (
				"$(DERIVED_FILE_DIR)/Pods-Psionic Timestream Image Generator-Psionic Timestream Image GeneratorUITests-checkManifestLockResult.txt",
			);
			runOnlyForDeploymentPostprocessing = 0;
			shellPath = /bin/sh;
			shellScript = "diff \"${PODS_PODFILE_DIR_PATH}/Podfile.lock\" \"${PODS_ROOT}/Manifest.lock\" > /dev/null\nif [ $? != 0 ] ; then\n    # print error to STDERR\n    echo \"error: The sandbox is not in sync with the Podfile.lock. Run 'pod install' or update your CocoaPods installation.\" >&2\n    exit 1\nfi\n# This output is used by Xcode 'outputs' to avoid re-running this script phase.\necho \"SUCCESS\" > \"${SCRIPT_OUTPUT_FILE_0}\"\n";
			showEnvVarsInLog = 0;
		};
		95B0965F9F1E0A27CE8AE7E1 /* [CP] Check Pods Manifest.lock */ = {
			isa = PBXShellScriptBuildPhase;
			buildActionMask = 2147483647;
			files = (
			);
			inputFileListPaths = (
			);
			inputPaths = (
				"${PODS_PODFILE_DIR_PATH}/Podfile.lock",
				"${PODS_ROOT}/Manifest.lock",
			);
			name = "[CP] Check Pods Manifest.lock";
			outputFileListPaths = (
			);
			outputPaths = (
				"$(DERIVED_FILE_DIR)/Pods-Psionic Timestream Image Generator-checkManifestLockResult.txt",
			);
			runOnlyForDeploymentPostprocessing = 0;
			shellPath = /bin/sh;
			shellScript = "diff \"${PODS_PODFILE_DIR_PATH}/Podfile.lock\" \"${PODS_ROOT}/Manifest.lock\" > /dev/null\nif [ $? != 0 ] ; then\n    # print error to STDERR\n    echo \"error: The sandbox is not in sync with the Podfile.lock. Run 'pod install' or update your CocoaPods installation.\" >&2\n    exit 1\nfi\n# This output is used by Xcode 'outputs' to avoid re-running this script phase.\necho \"SUCCESS\" > \"${SCRIPT_OUTPUT_FILE_0}\"\n";
			showEnvVarsInLog = 0;
		};
		BB25812B870080EE983DC15B /* [CP] Check Pods Manifest.lock */ = {
			isa = PBXShellScriptBuildPhase;
			buildActionMask = 2147483647;
			files = (
			);
			inputFileListPaths = (
			);
			inputPaths = (
				"${PODS_PODFILE_DIR_PATH}/Podfile.lock",
				"${PODS_ROOT}/Manifest.lock",
			);
			name = "[CP] Check Pods Manifest.lock";
			outputFileListPaths = (
			);
			outputPaths = (
				"$(DERIVED_FILE_DIR)/Pods-Psionic Timestream Image GeneratorTests-checkManifestLockResult.txt",
			);
			runOnlyForDeploymentPostprocessing = 0;
			shellPath = /bin/sh;
			shellScript = "diff \"${PODS_PODFILE_DIR_PATH}/Podfile.lock\" \"${PODS_ROOT}/Manifest.lock\" > /dev/null\nif [ $? != 0 ] ; then\n    # print error to STDERR\n    echo \"error: The sandbox is not in sync with the Podfile.lock. Run 'pod install' or update your CocoaPods installation.\" >&2\n    exit 1\nfi\n# This output is used by Xcode 'outputs' to avoid re-running this script phase.\necho \"SUCCESS\" > \"${SCRIPT_OUTPUT_FILE_0}\"\n";
			showEnvVarsInLog = 0;
		};
/* End PBXShellScriptBuildPhase section */

/* Begin PBXSourcesBuildPhase section */
		FA8CAD9924FD864B00BD32E7 /* Sources */ = {
			isa = PBXSourcesBuildPhase;
			buildActionMask = 2147483647;
			files = (
				FA886FE1278D4C6100AC3A30 /* TextFieldAlert.swift in Sources */,
				FA7C4C992793B16B006C9FE4 /* RGYBColor.swift in Sources */,
				FA8CADA324FD864B00BD32E7 /* MainViewController.swift in Sources */,
				FA8CADD324FDC23F00BD32E7 /* PsionicImageGenerator.swift in Sources */,
				FA8CADCF24FD86CC00BD32E7 /* PsionicDataParser.swift in Sources */,
				FA7C4C9F2794A87C006C9FE4 /* SelectLocationViewController.swift in Sources */,
				FAD174CA253104E600F6711E /* String+Extension.swift in Sources */,
				FA7C4C9B2793B199006C9FE4 /* ColorRenderMode.swift in Sources */,
				FA7C4C972793B12E006C9FE4 /* NSImage+Extension.swift in Sources */,
				FA7C4C93279393D7006C9FE4 /* HelpScreenViewController.swift in Sources */,
				FA886FDF278B551900AC3A30 /* Constants.swift in Sources */,
				FA8CADA124FD864B00BD32E7 /* AppDelegate.swift in Sources */,
				FA7C4C9527939B91006C9FE4 /* InfoScreenViewController.swift in Sources */,
				FA7C4C9D2793B1EE006C9FE4 /* PsionicImageStrip.swift in Sources */,
				FA7C4CA527950C6B006C9FE4 /* Settings.swift in Sources */,
				FA886FE3278D4CF600AC3A30 /* View+Extension.swift in Sources */,
				FA7C4CA3279506F2006C9FE4 /* LocationSelectMKMapView.swift in Sources */,
				FA7C4C9127934902006C9FE4 /* NSTextField+Extensions.swift in Sources */,
				FAD174CF25311FCC00F6711E /* Date+Extension.swift in Sources */,
				FA7C4CA12794B942006C9FE4 /* SettingsViewController.swift in Sources */,
			);
			runOnlyForDeploymentPostprocessing = 0;
		};
		FA8CADAB24FD865400BD32E7 /* Sources */ = {
			isa = PBXSourcesBuildPhase;
			buildActionMask = 2147483647;
			files = (
				FA8CADB424FD865400BD32E7 /* PsionicTimeMap_ImageProducerTests.swift in Sources */,
			);
			runOnlyForDeploymentPostprocessing = 0;
		};
		FA8CADB624FD865400BD32E7 /* Sources */ = {
			isa = PBXSourcesBuildPhase;
			buildActionMask = 2147483647;
			files = (
				FA8CADBF24FD865400BD32E7 /* PsionicTimeMap_ImageProducerUITests.swift in Sources */,
			);
			runOnlyForDeploymentPostprocessing = 0;
		};
/* End PBXSourcesBuildPhase section */

/* Begin PBXTargetDependency section */
		FA8CADB124FD865400BD32E7 /* PBXTargetDependency */ = {
			isa = PBXTargetDependency;
			target = FA8CAD9C24FD864B00BD32E7 /* Psionic Timestream Image Generator */;
			targetProxy = FA8CADB024FD865400BD32E7 /* PBXContainerItemProxy */;
		};
		FA8CADBC24FD865400BD32E7 /* PBXTargetDependency */ = {
			isa = PBXTargetDependency;
			target = FA8CAD9C24FD864B00BD32E7 /* Psionic Timestream Image Generator */;
			targetProxy = FA8CADBB24FD865400BD32E7 /* PBXContainerItemProxy */;
		};
/* End PBXTargetDependency section */

/* Begin PBXVariantGroup section */
		FA8CADA624FD865300BD32E7 /* Main.storyboard */ = {
			isa = PBXVariantGroup;
			children = (
				FA8CADA724FD865300BD32E7 /* Base */,
			);
			name = Main.storyboard;
			sourceTree = "<group>";
		};
/* End PBXVariantGroup section */

/* Begin XCBuildConfiguration section */
		FA8CADC124FD865400BD32E7 /* Debug */ = {
			isa = XCBuildConfiguration;
			buildSettings = {
				ALWAYS_SEARCH_USER_PATHS = NO;
				CLANG_ANALYZER_NONNULL = YES;
				CLANG_ANALYZER_NUMBER_OBJECT_CONVERSION = YES_AGGRESSIVE;
				CLANG_CXX_LANGUAGE_STANDARD = "gnu++14";
				CLANG_CXX_LIBRARY = "libc++";
				CLANG_ENABLE_MODULES = YES;
				CLANG_ENABLE_OBJC_ARC = YES;
				CLANG_ENABLE_OBJC_WEAK = YES;
				CLANG_WARN_BLOCK_CAPTURE_AUTORELEASING = YES;
				CLANG_WARN_BOOL_CONVERSION = YES;
				CLANG_WARN_COMMA = YES;
				CLANG_WARN_CONSTANT_CONVERSION = YES;
				CLANG_WARN_DEPRECATED_OBJC_IMPLEMENTATIONS = YES;
				CLANG_WARN_DIRECT_OBJC_ISA_USAGE = YES_ERROR;
				CLANG_WARN_DOCUMENTATION_COMMENTS = YES;
				CLANG_WARN_EMPTY_BODY = YES;
				CLANG_WARN_ENUM_CONVERSION = YES;
				CLANG_WARN_INFINITE_RECURSION = YES;
				CLANG_WARN_INT_CONVERSION = YES;
				CLANG_WARN_NON_LITERAL_NULL_CONVERSION = YES;
				CLANG_WARN_OBJC_IMPLICIT_RETAIN_SELF = YES;
				CLANG_WARN_OBJC_LITERAL_CONVERSION = YES;
				CLANG_WARN_OBJC_ROOT_CLASS = YES_ERROR;
				CLANG_WARN_QUOTED_INCLUDE_IN_FRAMEWORK_HEADER = YES;
				CLANG_WARN_RANGE_LOOP_ANALYSIS = YES;
				CLANG_WARN_STRICT_PROTOTYPES = YES;
				CLANG_WARN_SUSPICIOUS_MOVE = YES;
				CLANG_WARN_UNGUARDED_AVAILABILITY = YES_AGGRESSIVE;
				CLANG_WARN_UNREACHABLE_CODE = YES;
				CLANG_WARN__DUPLICATE_METHOD_MATCH = YES;
				COPY_PHASE_STRIP = NO;
				DEBUG_INFORMATION_FORMAT = dwarf;
				ENABLE_STRICT_OBJC_MSGSEND = YES;
				ENABLE_TESTABILITY = YES;
				GCC_C_LANGUAGE_STANDARD = gnu11;
				GCC_DYNAMIC_NO_PIC = NO;
				GCC_NO_COMMON_BLOCKS = YES;
				GCC_OPTIMIZATION_LEVEL = 0;
				GCC_PREPROCESSOR_DEFINITIONS = (
					"DEBUG=1",
					"$(inherited)",
				);
				GCC_WARN_64_TO_32_BIT_CONVERSION = YES;
				GCC_WARN_ABOUT_RETURN_TYPE = YES_ERROR;
				GCC_WARN_UNDECLARED_SELECTOR = YES;
				GCC_WARN_UNINITIALIZED_AUTOS = YES_AGGRESSIVE;
				GCC_WARN_UNUSED_FUNCTION = YES;
				GCC_WARN_UNUSED_VARIABLE = YES;
				MACOSX_DEPLOYMENT_TARGET = 12.2;
				MTL_ENABLE_DEBUG_INFO = INCLUDE_SOURCE;
				MTL_FAST_MATH = YES;
				ONLY_ACTIVE_ARCH = YES;
				SDKROOT = macosx;
				SWIFT_ACTIVE_COMPILATION_CONDITIONS = DEBUG;
				SWIFT_OPTIMIZATION_LEVEL = "-Onone";
			};
			name = Debug;
		};
		FA8CADC224FD865400BD32E7 /* Release */ = {
			isa = XCBuildConfiguration;
			buildSettings = {
				ALWAYS_SEARCH_USER_PATHS = NO;
				CLANG_ANALYZER_NONNULL = YES;
				CLANG_ANALYZER_NUMBER_OBJECT_CONVERSION = YES_AGGRESSIVE;
				CLANG_CXX_LANGUAGE_STANDARD = "gnu++14";
				CLANG_CXX_LIBRARY = "libc++";
				CLANG_ENABLE_MODULES = YES;
				CLANG_ENABLE_OBJC_ARC = YES;
				CLANG_ENABLE_OBJC_WEAK = YES;
				CLANG_WARN_BLOCK_CAPTURE_AUTORELEASING = YES;
				CLANG_WARN_BOOL_CONVERSION = YES;
				CLANG_WARN_COMMA = YES;
				CLANG_WARN_CONSTANT_CONVERSION = YES;
				CLANG_WARN_DEPRECATED_OBJC_IMPLEMENTATIONS = YES;
				CLANG_WARN_DIRECT_OBJC_ISA_USAGE = YES_ERROR;
				CLANG_WARN_DOCUMENTATION_COMMENTS = YES;
				CLANG_WARN_EMPTY_BODY = YES;
				CLANG_WARN_ENUM_CONVERSION = YES;
				CLANG_WARN_INFINITE_RECURSION = YES;
				CLANG_WARN_INT_CONVERSION = YES;
				CLANG_WARN_NON_LITERAL_NULL_CONVERSION = YES;
				CLANG_WARN_OBJC_IMPLICIT_RETAIN_SELF = YES;
				CLANG_WARN_OBJC_LITERAL_CONVERSION = YES;
				CLANG_WARN_OBJC_ROOT_CLASS = YES_ERROR;
				CLANG_WARN_QUOTED_INCLUDE_IN_FRAMEWORK_HEADER = YES;
				CLANG_WARN_RANGE_LOOP_ANALYSIS = YES;
				CLANG_WARN_STRICT_PROTOTYPES = YES;
				CLANG_WARN_SUSPICIOUS_MOVE = YES;
				CLANG_WARN_UNGUARDED_AVAILABILITY = YES_AGGRESSIVE;
				CLANG_WARN_UNREACHABLE_CODE = YES;
				CLANG_WARN__DUPLICATE_METHOD_MATCH = YES;
				COPY_PHASE_STRIP = NO;
				DEBUG_INFORMATION_FORMAT = "dwarf-with-dsym";
				ENABLE_NS_ASSERTIONS = NO;
				ENABLE_STRICT_OBJC_MSGSEND = YES;
				GCC_C_LANGUAGE_STANDARD = gnu11;
				GCC_NO_COMMON_BLOCKS = YES;
				GCC_WARN_64_TO_32_BIT_CONVERSION = YES;
				GCC_WARN_ABOUT_RETURN_TYPE = YES_ERROR;
				GCC_WARN_UNDECLARED_SELECTOR = YES;
				GCC_WARN_UNINITIALIZED_AUTOS = YES_AGGRESSIVE;
				GCC_WARN_UNUSED_FUNCTION = YES;
				GCC_WARN_UNUSED_VARIABLE = YES;
				MACOSX_DEPLOYMENT_TARGET = 12.2;
				MTL_ENABLE_DEBUG_INFO = NO;
				MTL_FAST_MATH = YES;
				SDKROOT = macosx;
				SWIFT_COMPILATION_MODE = wholemodule;
				SWIFT_OPTIMIZATION_LEVEL = "-O";
			};
			name = Release;
		};
		FA8CADC424FD865400BD32E7 /* Debug */ = {
			isa = XCBuildConfiguration;
			baseConfigurationReference = C8A711EAC06F72B98AED3792 /* Pods-Psionic Timestream Image Generator.debug.xcconfig */;
			buildSettings = {
				ASSETCATALOG_COMPILER_APPICON_NAME = AppIcon;
				CODE_SIGN_ENTITLEMENTS = PsionicTimeMap_ImageProducer/PsionicTimeMap_ImageProducer.entitlements;
				CODE_SIGN_IDENTITY = "Apple Development";
				CODE_SIGN_STYLE = Automatic;
				COMBINE_HIDPI_IMAGES = YES;
				DEVELOPMENT_TEAM = H4H7UN3F3K;
				ENABLE_HARDENED_RUNTIME = YES;
				INFOPLIST_FILE = PsionicTimeMap_ImageProducer/Info.plist;
				LD_RUNPATH_SEARCH_PATHS = (
					"$(inherited)",
					"@executable_path/../Frameworks",
				);
				MACOSX_DEPLOYMENT_TARGET = 12.1;
				MARKETING_VERSION = 3.1;
				OTHER_LDFLAGS = "";
				PRODUCT_BUNDLE_IDENTIFIER = "app.thora.-.PsionicTimeMap-ImageProducer";
				PRODUCT_NAME = "$(TARGET_NAME)";
				SWIFT_VERSION = 5.0;
				SYSTEM_FRAMEWORK_SEARCH_PATHS = (
					"$(DEVELOPER_DIR)/Platforms/MacOSX.platform/Developer/Library/Frameworks",
					"$(inherited)",
				);
			};
			name = Debug;
		};
		FA8CADC524FD865400BD32E7 /* Release */ = {
			isa = XCBuildConfiguration;
			baseConfigurationReference = FD554E2D28D4D104A9D137B8 /* Pods-Psionic Timestream Image Generator.release.xcconfig */;
			buildSettings = {
				ASSETCATALOG_COMPILER_APPICON_NAME = AppIcon;
				CODE_SIGN_ENTITLEMENTS = PsionicTimeMap_ImageProducer/PsionicTimeMap_ImageProducer.entitlements;
				CODE_SIGN_IDENTITY = "Apple Development";
				CODE_SIGN_STYLE = Automatic;
				COMBINE_HIDPI_IMAGES = YES;
				DEVELOPMENT_TEAM = H4H7UN3F3K;
				ENABLE_HARDENED_RUNTIME = YES;
				INFOPLIST_FILE = PsionicTimeMap_ImageProducer/Info.plist;
				LD_RUNPATH_SEARCH_PATHS = (
					"$(inherited)",
					"@executable_path/../Frameworks",
				);
				MACOSX_DEPLOYMENT_TARGET = 12.1;
				MARKETING_VERSION = 3.1;
				OTHER_LDFLAGS = "";
				PRODUCT_BUNDLE_IDENTIFIER = "app.thora.-.PsionicTimeMap-ImageProducer";
				PRODUCT_NAME = "$(TARGET_NAME)";
				SWIFT_VERSION = 5.0;
				SYSTEM_FRAMEWORK_SEARCH_PATHS = (
					"$(DEVELOPER_DIR)/Platforms/MacOSX.platform/Developer/Library/Frameworks",
					"$(inherited)",
				);
			};
			name = Release;
		};
		FA8CADC724FD865400BD32E7 /* Debug */ = {
			isa = XCBuildConfiguration;
			baseConfigurationReference = 4AC1C49FDBBFECAD1BE2F275 /* Pods-Psionic Timestream Image GeneratorTests.debug.xcconfig */;
			buildSettings = {
				ALWAYS_EMBED_SWIFT_STANDARD_LIBRARIES = YES;
				BUNDLE_LOADER = "$(TEST_HOST)";
				CODE_SIGN_STYLE = Automatic;
				COMBINE_HIDPI_IMAGES = YES;
				DEVELOPMENT_TEAM = H4H7UN3F3K;
				INFOPLIST_FILE = PsionicTimeMap_ImageProducerTests/Info.plist;
				LD_RUNPATH_SEARCH_PATHS = (
					"$(inherited)",
					"@executable_path/../Frameworks",
					"@loader_path/../Frameworks",
				);
				MACOSX_DEPLOYMENT_TARGET = 10.15;
				PRODUCT_BUNDLE_IDENTIFIER = "app.thora.-.PsionicTimeMap-ImageProducerTests";
				PRODUCT_NAME = "$(TARGET_NAME)";
				SWIFT_VERSION = 5.0;
				TEST_HOST = "$(BUILT_PRODUCTS_DIR)/Psionic Timestream Image Generator.app/Contents/MacOS/Psionic Timestream Image Generator";
			};
			name = Debug;
		};
		FA8CADC824FD865400BD32E7 /* Release */ = {
			isa = XCBuildConfiguration;
			baseConfigurationReference = 352CA1839474938AEEE7F4C1 /* Pods-Psionic Timestream Image GeneratorTests.release.xcconfig */;
			buildSettings = {
				ALWAYS_EMBED_SWIFT_STANDARD_LIBRARIES = YES;
				BUNDLE_LOADER = "$(TEST_HOST)";
				CODE_SIGN_STYLE = Automatic;
				COMBINE_HIDPI_IMAGES = YES;
				DEVELOPMENT_TEAM = H4H7UN3F3K;
				INFOPLIST_FILE = PsionicTimeMap_ImageProducerTests/Info.plist;
				LD_RUNPATH_SEARCH_PATHS = (
					"$(inherited)",
					"@executable_path/../Frameworks",
					"@loader_path/../Frameworks",
				);
				MACOSX_DEPLOYMENT_TARGET = 10.15;
				PRODUCT_BUNDLE_IDENTIFIER = "app.thora.-.PsionicTimeMap-ImageProducerTests";
				PRODUCT_NAME = "$(TARGET_NAME)";
				SWIFT_VERSION = 5.0;
				TEST_HOST = "$(BUILT_PRODUCTS_DIR)/Psionic Timestream Image Generator.app/Contents/MacOS/Psionic Timestream Image Generator";
			};
			name = Release;
		};
		FA8CADCA24FD865400BD32E7 /* Debug */ = {
			isa = XCBuildConfiguration;
			baseConfigurationReference = E54244126D56326C8C4E666F /* Pods-Psionic Timestream Image Generator-Psionic Timestream Image GeneratorUITests.debug.xcconfig */;
			buildSettings = {
				ALWAYS_EMBED_SWIFT_STANDARD_LIBRARIES = YES;
				CODE_SIGN_STYLE = Automatic;
				COMBINE_HIDPI_IMAGES = YES;
				DEVELOPMENT_TEAM = H4H7UN3F3K;
				INFOPLIST_FILE = PsionicTimeMap_ImageProducerUITests/Info.plist;
				LD_RUNPATH_SEARCH_PATHS = (
					"$(inherited)",
					"@executable_path/../Frameworks",
					"@loader_path/../Frameworks",
				);
				PRODUCT_BUNDLE_IDENTIFIER = "app.thora.-.PsionicTimeMap-ImageProducerUITests";
				PRODUCT_NAME = "$(TARGET_NAME)";
				SWIFT_VERSION = 5.0;
				TEST_TARGET_NAME = PsionicTimeMap_ImageProducer;
			};
			name = Debug;
		};
		FA8CADCB24FD865400BD32E7 /* Release */ = {
			isa = XCBuildConfiguration;
			baseConfigurationReference = 9025957415F19DE10D3A969B /* Pods-Psionic Timestream Image Generator-Psionic Timestream Image GeneratorUITests.release.xcconfig */;
			buildSettings = {
				ALWAYS_EMBED_SWIFT_STANDARD_LIBRARIES = YES;
				CODE_SIGN_STYLE = Automatic;
				COMBINE_HIDPI_IMAGES = YES;
				DEVELOPMENT_TEAM = H4H7UN3F3K;
				INFOPLIST_FILE = PsionicTimeMap_ImageProducerUITests/Info.plist;
				LD_RUNPATH_SEARCH_PATHS = (
					"$(inherited)",
					"@executable_path/../Frameworks",
					"@loader_path/../Frameworks",
				);
				PRODUCT_BUNDLE_IDENTIFIER = "app.thora.-.PsionicTimeMap-ImageProducerUITests";
				PRODUCT_NAME = "$(TARGET_NAME)";
				SWIFT_VERSION = 5.0;
				TEST_TARGET_NAME = PsionicTimeMap_ImageProducer;
			};
			name = Release;
		};
/* End XCBuildConfiguration section */

/* Begin XCConfigurationList section */
		FA8CAD9824FD864B00BD32E7 /* Build configuration list for PBXProject "Psionic Timestream Image Generator" */ = {
			isa = XCConfigurationList;
			buildConfigurations = (
				FA8CADC124FD865400BD32E7 /* Debug */,
				FA8CADC224FD865400BD32E7 /* Release */,
			);
			defaultConfigurationIsVisible = 0;
			defaultConfigurationName = Release;
		};
		FA8CADC324FD865400BD32E7 /* Build configuration list for PBXNativeTarget "Psionic Timestream Image Generator" */ = {
			isa = XCConfigurationList;
			buildConfigurations = (
				FA8CADC424FD865400BD32E7 /* Debug */,
				FA8CADC524FD865400BD32E7 /* Release */,
			);
			defaultConfigurationIsVisible = 0;
			defaultConfigurationName = Release;
		};
		FA8CADC624FD865400BD32E7 /* Build configuration list for PBXNativeTarget "Psionic Timestream Image GeneratorTests" */ = {
			isa = XCConfigurationList;
			buildConfigurations = (
				FA8CADC724FD865400BD32E7 /* Debug */,
				FA8CADC824FD865400BD32E7 /* Release */,
			);
			defaultConfigurationIsVisible = 0;
			defaultConfigurationName = Release;
		};
		FA8CADC924FD865400BD32E7 /* Build configuration list for PBXNativeTarget "Psionic Timestream Image GeneratorUITests" */ = {
			isa = XCConfigurationList;
			buildConfigurations = (
				FA8CADCA24FD865400BD32E7 /* Debug */,
				FA8CADCB24FD865400BD32E7 /* Release */,
			);
			defaultConfigurationIsVisible = 0;
			defaultConfigurationName = Release;
		};
/* End XCConfigurationList section */
	};
	rootObject = FA8CAD9524FD864B00BD32E7 /* Project object */;
}
